
Microsoft Visual Studio Solution File, Format Version 12.00
# Visual Studio Version 16
VisualStudioVersion = 16.0.30523.141
MinimumVisualStudioVersion = 10.0.40219.1
Project("{FAE04EC0-301F-11D3-BF4B-00C04F79EFBC}") = "palindromic number", "palindromic number\palindromic number.csproj", "{DDE57F99-8924-430E-90BF-9A8872B68FBC}"
EndProject
Global
	GlobalSection(SolutionConfigurationPlatforms) = preSolution
		Debug|Any CPU = Debug|Any CPU
		Release|Any CPU = Release|Any CPU
	EndGlobalSection
	GlobalSection(ProjectConfigurationPlatforms) = postSolution
		{DDE57F99-8924-430E-90BF-9A8872B68FBC}.Debug|Any CPU.ActiveCfg = Debug|Any CPU
		{DDE57F99-8924-430E-90BF-9A8872B68FBC}.Debug|Any CPU.Build.0 = Debug|Any CPU
		{DDE57F99-8924-430E-90BF-9A8872B68FBC}.Release|Any CPU.ActiveCfg = Release|Any CPU
		{DDE57F99-8924-430E-90BF-9A8872B68FBC}.Release|Any CPU.Build.0 = Release|Any CPU
	EndGlobalSection
	GlobalSection(SolutionProperties) = preSolution
		HideSolutionNode = FALSE
	EndGlobalSection
	GlobalSection(ExtensibilityGlobals) = postSolution
		SolutionGuid = {DF162B69-029D-4DE8-8507-D712963738BE}
	EndGlobalSection
EndGlobal
