
Microsoft Visual Studio Solution File, Format Version 12.00
# Visual Studio Version 16
VisualStudioVersion = 16.0.31729.503
MinimumVisualStudioVersion = 10.0.40219.1
Project("{FAE04EC0-301F-11D3-BF4B-00C04F79EFBC}") = "Quicksort a la Hoare", "Quicksort a la Hoare.csproj", "{970FDE8E-EB62-48E3-8F32-E11E6269879A}"
EndProject
Global
	GlobalSection(SolutionConfigurationPlatforms) = preSolution
		Debug|Any CPU = Debug|Any CPU
		Release|Any CPU = Release|Any CPU
	EndGlobalSection
	GlobalSection(ProjectConfigurationPlatforms) = postSolution
		{970FDE8E-EB62-48E3-8F32-E11E6269879A}.Debug|Any CPU.ActiveCfg = Debug|Any CPU
		{970FDE8E-EB62-48E3-8F32-E11E6269879A}.Debug|Any CPU.Build.0 = Debug|Any CPU
		{970FDE8E-EB62-48E3-8F32-E11E6269879A}.Release|Any CPU.ActiveCfg = Release|Any CPU
		{970FDE8E-EB62-48E3-8F32-E11E6269879A}.Release|Any CPU.Build.0 = Release|Any CPU
	EndGlobalSection
	GlobalSection(SolutionProperties) = preSolution
		HideSolutionNode = FALSE
	EndGlobalSection
	GlobalSection(ExtensibilityGlobals) = postSolution
		SolutionGuid = {59CEE0C1-52B4-4D1C-87F1-29A40AC58D52}
	EndGlobalSection
EndGlobal
