
Microsoft Visual Studio Solution File, Format Version 12.00
# Visual Studio Version 17
VisualStudioVersion = 17.0.31919.166
MinimumVisualStudioVersion = 10.0.40219.1
Project("{FAE04EC0-301F-11D3-BF4B-00C04F79EFBC}") = "Doubly linked list", "Doubly linked list.csproj", "{27C05ACF-2448-4A5C-9815-F0702EA8948D}"
EndProject
Global
	GlobalSection(SolutionConfigurationPlatforms) = preSolution
		Debug|Any CPU = Debug|Any CPU
		Release|Any CPU = Release|Any CPU
	EndGlobalSection
	GlobalSection(ProjectConfigurationPlatforms) = postSolution
		{27C05ACF-2448-4A5C-9815-F0702EA8948D}.Debug|Any CPU.ActiveCfg = Debug|Any CPU
		{27C05ACF-2448-4A5C-9815-F0702EA8948D}.Debug|Any CPU.Build.0 = Debug|Any CPU
		{27C05ACF-2448-4A5C-9815-F0702EA8948D}.Release|Any CPU.ActiveCfg = Release|Any CPU
		{27C05ACF-2448-4A5C-9815-F0702EA8948D}.Release|Any CPU.Build.0 = Release|Any CPU
	EndGlobalSection
	GlobalSection(SolutionProperties) = preSolution
		HideSolutionNode = FALSE
	EndGlobalSection
	GlobalSection(ExtensibilityGlobals) = postSolution
		SolutionGuid = {7C51CB1B-F283-4C56-956F-CD6827373CF0}
	EndGlobalSection
EndGlobal
