
Microsoft Visual Studio Solution File, Format Version 12.00
# Visual Studio Version 16
VisualStudioVersion = 16.0.29709.97
MinimumVisualStudioVersion = 10.0.40219.1
Project("{FAE04EC0-301F-11D3-BF4B-00C04F79EFBC}") = "Boter,Kaas en Eieren", "Boter,Kaas en Eieren\Boter,Kaas en Eieren.csproj", "{92826937-3B76-4D1F-BE6F-045B2AE50AD3}"
EndProject
Global
	GlobalSection(SolutionConfigurationPlatforms) = preSolution
		Debug|Any CPU = Debug|Any CPU
		Release|Any CPU = Release|Any CPU
	EndGlobalSection
	GlobalSection(ProjectConfigurationPlatforms) = postSolution
		{92826937-3B76-4D1F-BE6F-045B2AE50AD3}.Debug|Any CPU.ActiveCfg = Debug|Any CPU
		{92826937-3B76-4D1F-BE6F-045B2AE50AD3}.Debug|Any CPU.Build.0 = Debug|Any CPU
		{92826937-3B76-4D1F-BE6F-045B2AE50AD3}.Release|Any CPU.ActiveCfg = Release|Any CPU
		{92826937-3B76-4D1F-BE6F-045B2AE50AD3}.Release|Any CPU.Build.0 = Release|Any CPU
	EndGlobalSection
	GlobalSection(SolutionProperties) = preSolution
		HideSolutionNode = FALSE
	EndGlobalSection
	GlobalSection(ExtensibilityGlobals) = postSolution
		SolutionGuid = {A03B5052-F1FD-45F1-8848-2521785A1865}
	EndGlobalSection
EndGlobal
